
Microsoft Visual Studio Solution File, Format Version 12.00
# Visual Studio Version 16
VisualStudioVersion = 16.0.29920.165
MinimumVisualStudioVersion = 10.0.40219.1
Project("{FAE04EC0-301F-11D3-BF4B-00C04F79EFBC}") = "ScannMain", "ScannMain\ScannMain.csproj", "{6A8A6AE1-6148-4D11-9715-91F8AE0FED59}"
EndProject
Global
	GlobalSection(SolutionConfigurationPlatforms) = preSolution
		Debug|Any CPU = Debug|Any CPU
		Release|Any CPU = Release|Any CPU
	EndGlobalSection
	GlobalSection(ProjectConfigurationPlatforms) = postSolution
		{6A8A6AE1-6148-4D11-9715-91F8AE0FED59}.Debug|Any CPU.ActiveCfg = Debug|Any CPU
		{6A8A6AE1-6148-4D11-9715-91F8AE0FED59}.Debug|Any CPU.Build.0 = Debug|Any CPU
		{6A8A6AE1-6148-4D11-9715-91F8AE0FED59}.Release|Any CPU.ActiveCfg = Release|Any CPU
		{6A8A6AE1-6148-4D11-9715-91F8AE0FED59}.Release|Any CPU.Build.0 = Release|Any CPU
	EndGlobalSection
	GlobalSection(SolutionProperties) = preSolution
		HideSolutionNode = FALSE
	EndGlobalSection
	GlobalSection(ExtensibilityGlobals) = postSolution
		SolutionGuid = {423986B6-5931-4E4E-A28C-3BA61A41ADD6}
	EndGlobalSection
EndGlobal
